
Microsoft Visual Studio Solution File, Format Version 12.00
# Visual Studio 15
VisualStudioVersion = 15.0.27130.2036
MinimumVisualStudioVersion = 10.0.40219.1
Project("{9A19103F-16F7-4668-BE54-9A1E7A4F7556}") = "DyTestor.Service", "DyTestor.Service\DyTestor.Service.csproj", "{23F4B7B3-48DB-47AD-9035-4F2AF00071CE}"
EndProject
Project("{9A19103F-16F7-4668-BE54-9A1E7A4F7556}") = "DyTestor.Communication", "DyTestor.Communication\DyTestor.Communication.csproj", "{58D41B27-CBB6-41BC-8584-EB6060C310D2}"
EndProject
Project("{9A19103F-16F7-4668-BE54-9A1E7A4F7556}") = "DyTestor.Infrastructure", "DyTestor.Infrastructure\DyTestor.Infrastructure.csproj", "{777D0089-EADB-43B3-AFD7-D0A6A94C291B}"
EndProject
Project("{9A19103F-16F7-4668-BE54-9A1E7A4F7556}") = "DyTestor.DataService", "DyTestor.DataService\DyTestor.DataService.csproj", "{A7218206-58A8-4D7E-AEAA-CFDDC7862845}"
EndProject
Project("{9A19103F-16F7-4668-BE54-9A1E7A4F7556}") = "DyTestor.Repositories", "DyTestor.Repositories\DyTestor.Repositories.csproj", "{6B62AE77-5E72-4466-8554-9DD8EC4DAF10}"
EndProject
Project("{9A19103F-16F7-4668-BE54-9A1E7A4F7556}") = "DyTestor.Domain", "DyTestor.Domain\DyTestor.Domain.csproj", "{A1BFD43D-3D1B-43BC-8A58-5AB03808BC38}"
EndProject
Project("{9A19103F-16F7-4668-BE54-9A1E7A4F7556}") = "DyTestor.Application", "DyTestor.Application\DyTestor.Application.csproj", "{E6E8B3DD-2939-45F9-8EE1-F7911AC9FE69}"
EndProject
Project("{9A19103F-16F7-4668-BE54-9A1E7A4F7556}") = "DyTestor.DataObject", "DyTestor.DataObject\DyTestor.DataObject.csproj", "{99E21E10-0F6F-4B89-B584-33DAE2F5104B}"
EndProject
Project("{9A19103F-16F7-4668-BE54-9A1E7A4F7556}") = "DyTestor.ServiceContracts", "DyTestor.SericeContracts\DyTestor.ServiceContracts.csproj", "{85B39565-6E2C-4797-B1FD-7A56204410A9}"
EndProject
Project("{9A19103F-16F7-4668-BE54-9A1E7A4F7556}") = "DyTestor.Configuration", "DyTestor.Configuration\DyTestor.Configuration.csproj", "{9886342F-CBE7-46F8-B792-33550D95093B}"
EndProject
Project("{FAE04EC0-301F-11D3-BF4B-00C04F79EFBC}") = "DyTestor.Web", "DyTestor.Web\DyTestor.Web.csproj", "{F8E239AB-C512-4DC0-A39B-9A666D5A9A84}"
EndProject
Global
	GlobalSection(SolutionConfigurationPlatforms) = preSolution
		Debug|Any CPU = Debug|Any CPU
		Release|Any CPU = Release|Any CPU
	EndGlobalSection
	GlobalSection(ProjectConfigurationPlatforms) = postSolution
		{23F4B7B3-48DB-47AD-9035-4F2AF00071CE}.Debug|Any CPU.ActiveCfg = Debug|Any CPU
		{23F4B7B3-48DB-47AD-9035-4F2AF00071CE}.Debug|Any CPU.Build.0 = Debug|Any CPU
		{23F4B7B3-48DB-47AD-9035-4F2AF00071CE}.Release|Any CPU.ActiveCfg = Release|Any CPU
		{23F4B7B3-48DB-47AD-9035-4F2AF00071CE}.Release|Any CPU.Build.0 = Release|Any CPU
		{58D41B27-CBB6-41BC-8584-EB6060C310D2}.Debug|Any CPU.ActiveCfg = Debug|Any CPU
		{58D41B27-CBB6-41BC-8584-EB6060C310D2}.Debug|Any CPU.Build.0 = Debug|Any CPU
		{58D41B27-CBB6-41BC-8584-EB6060C310D2}.Release|Any CPU.ActiveCfg = Release|Any CPU
		{58D41B27-CBB6-41BC-8584-EB6060C310D2}.Release|Any CPU.Build.0 = Release|Any CPU
		{777D0089-EADB-43B3-AFD7-D0A6A94C291B}.Debug|Any CPU.ActiveCfg = Debug|Any CPU
		{777D0089-EADB-43B3-AFD7-D0A6A94C291B}.Debug|Any CPU.Build.0 = Debug|Any CPU
		{777D0089-EADB-43B3-AFD7-D0A6A94C291B}.Release|Any CPU.ActiveCfg = Release|Any CPU
		{777D0089-EADB-43B3-AFD7-D0A6A94C291B}.Release|Any CPU.Build.0 = Release|Any CPU
		{A7218206-58A8-4D7E-AEAA-CFDDC7862845}.Debug|Any CPU.ActiveCfg = Debug|Any CPU
		{A7218206-58A8-4D7E-AEAA-CFDDC7862845}.Debug|Any CPU.Build.0 = Debug|Any CPU
		{A7218206-58A8-4D7E-AEAA-CFDDC7862845}.Release|Any CPU.ActiveCfg = Release|Any CPU
		{A7218206-58A8-4D7E-AEAA-CFDDC7862845}.Release|Any CPU.Build.0 = Release|Any CPU
		{6B62AE77-5E72-4466-8554-9DD8EC4DAF10}.Debug|Any CPU.ActiveCfg = Debug|Any CPU
		{6B62AE77-5E72-4466-8554-9DD8EC4DAF10}.Debug|Any CPU.Build.0 = Debug|Any CPU
		{6B62AE77-5E72-4466-8554-9DD8EC4DAF10}.Release|Any CPU.ActiveCfg = Release|Any CPU
		{6B62AE77-5E72-4466-8554-9DD8EC4DAF10}.Release|Any CPU.Build.0 = Release|Any CPU
		{A1BFD43D-3D1B-43BC-8A58-5AB03808BC38}.Debug|Any CPU.ActiveCfg = Debug|Any CPU
		{A1BFD43D-3D1B-43BC-8A58-5AB03808BC38}.Debug|Any CPU.Build.0 = Debug|Any CPU
		{A1BFD43D-3D1B-43BC-8A58-5AB03808BC38}.Release|Any CPU.ActiveCfg = Release|Any CPU
		{A1BFD43D-3D1B-43BC-8A58-5AB03808BC38}.Release|Any CPU.Build.0 = Release|Any CPU
		{E6E8B3DD-2939-45F9-8EE1-F7911AC9FE69}.Debug|Any CPU.ActiveCfg = Debug|Any CPU
		{E6E8B3DD-2939-45F9-8EE1-F7911AC9FE69}.Debug|Any CPU.Build.0 = Debug|Any CPU
		{E6E8B3DD-2939-45F9-8EE1-F7911AC9FE69}.Release|Any CPU.ActiveCfg = Release|Any CPU
		{E6E8B3DD-2939-45F9-8EE1-F7911AC9FE69}.Release|Any CPU.Build.0 = Release|Any CPU
		{99E21E10-0F6F-4B89-B584-33DAE2F5104B}.Debug|Any CPU.ActiveCfg = Debug|Any CPU
		{99E21E10-0F6F-4B89-B584-33DAE2F5104B}.Debug|Any CPU.Build.0 = Debug|Any CPU
		{99E21E10-0F6F-4B89-B584-33DAE2F5104B}.Release|Any CPU.ActiveCfg = Release|Any CPU
		{99E21E10-0F6F-4B89-B584-33DAE2F5104B}.Release|Any CPU.Build.0 = Release|Any CPU
		{85B39565-6E2C-4797-B1FD-7A56204410A9}.Debug|Any CPU.ActiveCfg = Debug|Any CPU
		{85B39565-6E2C-4797-B1FD-7A56204410A9}.Debug|Any CPU.Build.0 = Debug|Any CPU
		{85B39565-6E2C-4797-B1FD-7A56204410A9}.Release|Any CPU.ActiveCfg = Release|Any CPU
		{85B39565-6E2C-4797-B1FD-7A56204410A9}.Release|Any CPU.Build.0 = Release|Any CPU
		{9886342F-CBE7-46F8-B792-33550D95093B}.Debug|Any CPU.ActiveCfg = Debug|Any CPU
		{9886342F-CBE7-46F8-B792-33550D95093B}.Debug|Any CPU.Build.0 = Debug|Any CPU
		{9886342F-CBE7-46F8-B792-33550D95093B}.Release|Any CPU.ActiveCfg = Release|Any CPU
		{9886342F-CBE7-46F8-B792-33550D95093B}.Release|Any CPU.Build.0 = Release|Any CPU
		{F8E239AB-C512-4DC0-A39B-9A666D5A9A84}.Debug|Any CPU.ActiveCfg = Debug|Any CPU
		{F8E239AB-C512-4DC0-A39B-9A666D5A9A84}.Debug|Any CPU.Build.0 = Debug|Any CPU
		{F8E239AB-C512-4DC0-A39B-9A666D5A9A84}.Release|Any CPU.ActiveCfg = Release|Any CPU
		{F8E239AB-C512-4DC0-A39B-9A666D5A9A84}.Release|Any CPU.Build.0 = Release|Any CPU
	EndGlobalSection
	GlobalSection(SolutionProperties) = preSolution
		HideSolutionNode = FALSE
	EndGlobalSection
	GlobalSection(ExtensibilityGlobals) = postSolution
		SolutionGuid = {DDCD837C-BEA1-4908-A290-25D818F84ADC}
	EndGlobalSection
EndGlobal
